
Microsoft Visual Studio Solution File, Format Version 12.00
# Visual Studio Version 17
VisualStudioVersion = 17.0.31903.59
MinimumVisualStudioVersion = 10.0.40219.1
Project("{FAE04EC0-301F-11D3-BF4B-00C04F79EFBC}") = "Cascade50.Core", "Cascade50.Core\Cascade50.Core.csproj", "{D8BEA3F6-9D5C-4340-8338-679BC41B1182}"
EndProject
Project("{2150E333-8FDC-42A3-9474-1A3956D46DE8}") = "Platforms", "Platforms", "{324791A1-5798-203D-0CA6-A8E0DAEC81C8}"
EndProject
Project("{FAE04EC0-301F-11D3-BF4B-00C04F79EFBC}") = "Cascade50.DesktopGL", "Cascade50.DesktopGL\Cascade50.DesktopGL.csproj", "{A347014A-2F47-44BF-8F24-43E80684AC96}"
EndProject
Project("{FAE04EC0-301F-11D3-BF4B-00C04F79EFBC}") = "Cascade50.WindowsDX", "Cascade50.WindowsDX\Cascade50.WindowsDX.csproj", "{1CC411D2-2F12-4B6E-9E29-8BE77CC649ED}"
EndProject
Project("{FAE04EC0-301F-11D3-BF4B-00C04F79EFBC}") = "Cascade50.Android", "Cascade50.Android\Cascade50.Android.csproj", "{49A382A7-4C55-4C4E-8986-DCFDB03F740C}"
EndProject
Project("{FAE04EC0-301F-11D3-BF4B-00C04F79EFBC}") = "Cascade50.iOS", "Cascade50.iOS\Cascade50.iOS.csproj", "{79AB8041-9B34-4396-BB75-F526998EADAB}"
EndProject
Project("{FAE04EC0-301F-11D3-BF4B-00C04F79EFBC}") = "Cascade50.Tests", "Cascade50.Tests\Cascade50.Tests.csproj", "{A66657DB-6268-4738-A513-EF924559AF12}"
EndProject
Global
	GlobalSection(SolutionConfigurationPlatforms) = preSolution
		Debug|Any CPU = Debug|Any CPU
		Debug|x64 = Debug|x64
		Debug|x86 = Debug|x86
		Release|Any CPU = Release|Any CPU
		Release|x64 = Release|x64
		Release|x86 = Release|x86
	EndGlobalSection
	GlobalSection(ProjectConfigurationPlatforms) = postSolution
		{D8BEA3F6-9D5C-4340-8338-679BC41B1182}.Debug|Any CPU.ActiveCfg = Debug|Any CPU
		{D8BEA3F6-9D5C-4340-8338-679BC41B1182}.Debug|Any CPU.Build.0 = Debug|Any CPU
		{D8BEA3F6-9D5C-4340-8338-679BC41B1182}.Debug|x64.ActiveCfg = Debug|Any CPU
		{D8BEA3F6-9D5C-4340-8338-679BC41B1182}.Debug|x64.Build.0 = Debug|Any CPU
		{D8BEA3F6-9D5C-4340-8338-679BC41B1182}.Debug|x86.ActiveCfg = Debug|Any CPU
		{D8BEA3F6-9D5C-4340-8338-679BC41B1182}.Debug|x86.Build.0 = Debug|Any CPU
		{D8BEA3F6-9D5C-4340-8338-679BC41B1182}.Release|Any CPU.ActiveCfg = Release|Any CPU
		{D8BEA3F6-9D5C-4340-8338-679BC41B1182}.Release|Any CPU.Build.0 = Release|Any CPU
		{D8BEA3F6-9D5C-4340-8338-679BC41B1182}.Release|x64.ActiveCfg = Release|Any CPU
		{D8BEA3F6-9D5C-4340-8338-679BC41B1182}.Release|x64.Build.0 = Release|Any CPU
		{D8BEA3F6-9D5C-4340-8338-679BC41B1182}.Release|x86.ActiveCfg = Release|Any CPU
		{D8BEA3F6-9D5C-4340-8338-679BC41B1182}.Release|x86.Build.0 = Release|Any CPU
		{A347014A-2F47-44BF-8F24-43E80684AC96}.Debug|Any CPU.ActiveCfg = Debug|Any CPU
		{A347014A-2F47-44BF-8F24-43E80684AC96}.Debug|Any CPU.Build.0 = Debug|Any CPU
		{A347014A-2F47-44BF-8F24-43E80684AC96}.Debug|x64.ActiveCfg = Debug|Any CPU
		{A347014A-2F47-44BF-8F24-43E80684AC96}.Debug|x64.Build.0 = Debug|Any CPU
		{A347014A-2F47-44BF-8F24-43E80684AC96}.Debug|x86.ActiveCfg = Debug|Any CPU
		{A347014A-2F47-44BF-8F24-43E80684AC96}.Debug|x86.Build.0 = Debug|Any CPU
		{A347014A-2F47-44BF-8F24-43E80684AC96}.Release|Any CPU.ActiveCfg = Release|Any CPU
		{A347014A-2F47-44BF-8F24-43E80684AC96}.Release|Any CPU.Build.0 = Release|Any CPU
		{A347014A-2F47-44BF-8F24-43E80684AC96}.Release|x64.ActiveCfg = Release|Any CPU
		{A347014A-2F47-44BF-8F24-43E80684AC96}.Release|x64.Build.0 = Release|Any CPU
		{A347014A-2F47-44BF-8F24-43E80684AC96}.Release|x86.ActiveCfg = Release|Any CPU
		{A347014A-2F47-44BF-8F24-43E80684AC96}.Release|x86.Build.0 = Release|Any CPU
		{1CC411D2-2F12-4B6E-9E29-8BE77CC649ED}.Debug|Any CPU.ActiveCfg = Debug|Any CPU
		{1CC411D2-2F12-4B6E-9E29-8BE77CC649ED}.Debug|Any CPU.Build.0 = Debug|Any CPU
		{1CC411D2-2F12-4B6E-9E29-8BE77CC649ED}.Debug|x64.ActiveCfg = Debug|Any CPU
		{1CC411D2-2F12-4B6E-9E29-8BE77CC649ED}.Debug|x64.Build.0 = Debug|Any CPU
		{1CC411D2-2F12-4B6E-9E29-8BE77CC649ED}.Debug|x86.ActiveCfg = Debug|Any CPU
		{1CC411D2-2F12-4B6E-9E29-8BE77CC649ED}.Debug|x86.Build.0 = Debug|Any CPU
		{1CC411D2-2F12-4B6E-9E29-8BE77CC649ED}.Release|Any CPU.ActiveCfg = Release|Any CPU
		{1CC411D2-2F12-4B6E-9E29-8BE77CC649ED}.Release|Any CPU.Build.0 = Release|Any CPU
		{1CC411D2-2F12-4B6E-9E29-8BE77CC649ED}.Release|x64.ActiveCfg = Release|Any CPU
		{1CC411D2-2F12-4B6E-9E29-8BE77CC649ED}.Release|x64.Build.0 = Release|Any CPU
		{1CC411D2-2F12-4B6E-9E29-8BE77CC649ED}.Release|x86.ActiveCfg = Release|Any CPU
		{1CC411D2-2F12-4B6E-9E29-8BE77CC649ED}.Release|x86.Build.0 = Release|Any CPU
		{49A382A7-4C55-4C4E-8986-DCFDB03F740C}.Debug|Any CPU.ActiveCfg = Debug|Any CPU
		{49A382A7-4C55-4C4E-8986-DCFDB03F740C}.Debug|Any CPU.Build.0 = Debug|Any CPU
		{49A382A7-4C55-4C4E-8986-DCFDB03F740C}.Debug|x64.ActiveCfg = Debug|Any CPU
		{49A382A7-4C55-4C4E-8986-DCFDB03F740C}.Debug|x64.Build.0 = Debug|Any CPU
		{49A382A7-4C55-4C4E-8986-DCFDB03F740C}.Debug|x86.ActiveCfg = Debug|Any CPU
		{49A382A7-4C55-4C4E-8986-DCFDB03F740C}.Debug|x86.Build.0 = Debug|Any CPU
		{49A382A7-4C55-4C4E-8986-DCFDB03F740C}.Release|Any CPU.ActiveCfg = Release|Any CPU
		{49A382A7-4C55-4C4E-8986-DCFDB03F740C}.Release|Any CPU.Build.0 = Release|Any CPU
		{49A382A7-4C55-4C4E-8986-DCFDB03F740C}.Release|x64.ActiveCfg = Release|Any CPU
		{49A382A7-4C55-4C4E-8986-DCFDB03F740C}.Release|x64.Build.0 = Release|Any CPU
		{49A382A7-4C55-4C4E-8986-DCFDB03F740C}.Release|x86.ActiveCfg = Release|Any CPU
		{49A382A7-4C55-4C4E-8986-DCFDB03F740C}.Release|x86.Build.0 = Release|Any CPU
		{79AB8041-9B34-4396-BB75-F526998EADAB}.Debug|Any CPU.ActiveCfg = Debug|Any CPU
		{79AB8041-9B34-4396-BB75-F526998EADAB}.Debug|Any CPU.Build.0 = Debug|Any CPU
		{79AB8041-9B34-4396-BB75-F526998EADAB}.Debug|x64.ActiveCfg = Debug|Any CPU
		{79AB8041-9B34-4396-BB75-F526998EADAB}.Debug|x64.Build.0 = Debug|Any CPU
		{79AB8041-9B34-4396-BB75-F526998EADAB}.Debug|x86.ActiveCfg = Debug|Any CPU
		{79AB8041-9B34-4396-BB75-F526998EADAB}.Debug|x86.Build.0 = Debug|Any CPU
		{79AB8041-9B34-4396-BB75-F526998EADAB}.Release|Any CPU.ActiveCfg = Release|Any CPU
		{79AB8041-9B34-4396-BB75-F526998EADAB}.Release|Any CPU.Build.0 = Release|Any CPU
		{79AB8041-9B34-4396-BB75-F526998EADAB}.Release|x64.ActiveCfg = Release|Any CPU
		{79AB8041-9B34-4396-BB75-F526998EADAB}.Release|x64.Build.0 = Release|Any CPU
		{79AB8041-9B34-4396-BB75-F526998EADAB}.Release|x86.ActiveCfg = Release|Any CPU
		{79AB8041-9B34-4396-BB75-F526998EADAB}.Release|x86.Build.0 = Release|Any CPU
		{A66657DB-6268-4738-A513-EF924559AF12}.Debug|Any CPU.ActiveCfg = Debug|Any CPU
		{A66657DB-6268-4738-A513-EF924559AF12}.Debug|Any CPU.Build.0 = Debug|Any CPU
		{A66657DB-6268-4738-A513-EF924559AF12}.Debug|x64.ActiveCfg = Debug|Any CPU
		{A66657DB-6268-4738-A513-EF924559AF12}.Debug|x64.Build.0 = Debug|Any CPU
		{A66657DB-6268-4738-A513-EF924559AF12}.Debug|x86.ActiveCfg = Debug|Any CPU
		{A66657DB-6268-4738-A513-EF924559AF12}.Debug|x86.Build.0 = Debug|Any CPU
		{A66657DB-6268-4738-A513-EF924559AF12}.Release|Any CPU.ActiveCfg = Release|Any CPU
		{A66657DB-6268-4738-A513-EF924559AF12}.Release|Any CPU.Build.0 = Release|Any CPU
		{A66657DB-6268-4738-A513-EF924559AF12}.Release|x64.ActiveCfg = Release|Any CPU
		{A66657DB-6268-4738-A513-EF924559AF12}.Release|x64.Build.0 = Release|Any CPU
		{A66657DB-6268-4738-A513-EF924559AF12}.Release|x86.ActiveCfg = Release|Any CPU
		{A66657DB-6268-4738-A513-EF924559AF12}.Release|x86.Build.0 = Release|Any CPU
	EndGlobalSection
	GlobalSection(SolutionProperties) = preSolution
		HideSolutionNode = FALSE
	EndGlobalSection
	GlobalSection(NestedProjects) = preSolution
		{A347014A-2F47-44BF-8F24-43E80684AC96} = {324791A1-5798-203D-0CA6-A8E0DAEC81C8}
		{1CC411D2-2F12-4B6E-9E29-8BE77CC649ED} = {324791A1-5798-203D-0CA6-A8E0DAEC81C8}
		{49A382A7-4C55-4C4E-8986-DCFDB03F740C} = {324791A1-5798-203D-0CA6-A8E0DAEC81C8}
		{79AB8041-9B34-4396-BB75-F526998EADAB} = {324791A1-5798-203D-0CA6-A8E0DAEC81C8}
	EndGlobalSection
EndGlobal
